<?xml version="1.0" encoding="utf-8"?>
<Project ToolsVersion="4.0" xmlns="http://schemas.microsoft.com/developer/msbuild/2003">
  <ItemGroup>
    <Filter Include="ソース ファイル">
      <UniqueIdentifier>{4FC737F1-C7A5-4376-A066-2A32D752A2FF}</UniqueIdentifier>
      <Extensions>cpp;c;cc;cxx;def;odl;idl;hpj;bat;asm;asmx</Extensions>
    </Filter>
    <Filter Include="ヘッダー ファイル">
      <UniqueIdentifier>{93995380-89BD-4b04-88EB-625FBE52EBFB}</UniqueIdentifier>
      <Extensions>h;hh;hpp;hxx;hm;inl;inc;xsd</Extensions>
    </Filter>
    <Filter Include="リソース ファイル">
      <UniqueIdentifier>{67DA6AB6-F800-4c08-8B7A-83BB121AAD01}</UniqueIdentifier>
      <Extensions>rc;ico;cur;bmp;dlg;rc2;rct;bin;rgs;gif;jpg;jpeg;jpe;resx;tiff;tif;png;wav;mfcribbon-ms</Extensions>
    </Filter>
    <Filter Include="ソース ファイル\Math">
      <UniqueIdentifier>{2def38e0-118a-41e1-827d-a9a576688e66}</UniqueIdentifier>
    </Filter>
    <Filter Include="ソース ファイル\imgui">
      <UniqueIdentifier>{10fafce9-821e-43c7-bb71-693e48139814}</UniqueIdentifier>
    </Filter>
    <Filter Include="Shader">
      <UniqueIdentifier>{d19ed86f-4094-4719-9a41-b17e7ef3237b}</UniqueIdentifier>
    </Filter>
    <Filter Include="ソース ファイル\Object">
      <UniqueIdentifier>{ed035315-c13e-4c12-9492-787bbe234a0f}</UniqueIdentifier>
    </Filter>
    <Filter Include="ソース ファイル\Object\Player">
      <UniqueIdentifier>{0c5ad860-577a-4169-98a6-33299a18e490}</UniqueIdentifier>
    </Filter>
    <Filter Include="ソース ファイル\Manager">
      <UniqueIdentifier>{de928b58-d908-4155-9dbb-1ee413c35874}</UniqueIdentifier>
    </Filter>
    <Filter Include="ソース ファイル\Object\Obj">
      <UniqueIdentifier>{69470e29-ea59-4115-b5ae-ebca0b041e4b}</UniqueIdentifier>
    </Filter>
    <Filter Include="ソース ファイル\Memory">
      <UniqueIdentifier>{94f0a819-c93e-4c04-ab85-a57674d93b43}</UniqueIdentifier>
    </Filter>
    <Filter Include="ソース ファイル\Camera">
      <UniqueIdentifier>{1b734d3e-8b1a-408c-846f-a2602824e7f9}</UniqueIdentifier>
    </Filter>
    <Filter Include="ソース ファイル\Manager\Stage">
      <UniqueIdentifier>{41b858bb-c0c5-471d-b74f-b21808fc931e}</UniqueIdentifier>
    </Filter>
    <Filter Include="ソース ファイル\Object\Character">
      <UniqueIdentifier>{bafc1bce-be66-4761-8674-23466eb09af6}</UniqueIdentifier>
    </Filter>
    <Filter Include="ソース ファイル\Scene">
      <UniqueIdentifier>{6fa7ceee-7e41-4281-a1db-b20fb74ed5a4}</UniqueIdentifier>
    </Filter>
    <Filter Include="ソース ファイル\Scene\GameScene">
      <UniqueIdentifier>{deff7579-9461-4993-a850-2869cad820f8}</UniqueIdentifier>
    </Filter>
    <Filter Include="ソース ファイル\Scene\InGame">
      <UniqueIdentifier>{de835523-00df-4e5c-97d6-ffc046bcbe67}</UniqueIdentifier>
    </Filter>
    <Filter Include="ソース ファイル\Manager\Scene">
      <UniqueIdentifier>{28554583-742a-4e40-b3b7-c9790520264b}</UniqueIdentifier>
    </Filter>
    <Filter Include="ソース ファイル\Scene\Title">
      <UniqueIdentifier>{e0263391-591b-41f7-b5a5-8881a44c83c5}</UniqueIdentifier>
    </Filter>
    <Filter Include="ソース ファイル\UI">
      <UniqueIdentifier>{1e2c9dbf-ebe4-4201-9406-0cba2a6b1434}</UniqueIdentifier>
    </Filter>
    <Filter Include="ソース ファイル\Scene\Loading">
      <UniqueIdentifier>{041a887b-09c0-4961-8610-e36ca30cba2a}</UniqueIdentifier>
    </Filter>
    <Filter Include="ソース ファイル\Lib">
      <UniqueIdentifier>{e5c6d507-762c-4fb0-af5a-215b47cef02c}</UniqueIdentifier>
    </Filter>
    <Filter Include="ソース ファイル\Object\Enemy">
      <UniqueIdentifier>{a44aa775-7a1a-4294-aaf7-9eb0bc555a06}</UniqueIdentifier>
    </Filter>
    <Filter Include="ソース ファイル\Effect">
      <UniqueIdentifier>{02f5bb2f-b95b-4f2b-b9c0-d7f44a2eb274}</UniqueIdentifier>
    </Filter>
    <Filter Include="ソース ファイル\Manager\UIManager">
      <UniqueIdentifier>{349afbdb-9590-4b23-9649-5c4d354a83dc}</UniqueIdentifier>
    </Filter>
    <Filter Include="ソース ファイル\Scene\Result">
      <UniqueIdentifier>{4db317e8-6dff-4d3a-bd3a-d6fa3719c3d2}</UniqueIdentifier>
    </Filter>
    <Filter Include="ソース ファイル\Manager\MeteorManager">
      <UniqueIdentifier>{df7b5960-1666-4c7f-9c1e-6aae169cd223}</UniqueIdentifier>
    </Filter>
    <Filter Include="ソース ファイル\Easing">
      <UniqueIdentifier>{1384ac00-3637-44ed-90cf-65c2f92f4912}</UniqueIdentifier>
    </Filter>
    <Filter Include="ソース ファイル\Object\Meteor">
      <UniqueIdentifier>{f42c37fd-142d-46cb-b8c0-4e1dabf422d7}</UniqueIdentifier>
    </Filter>
    <Filter Include="ソース ファイル\Object\TitlePlayer">
      <UniqueIdentifier>{10333e83-94cb-4036-b5d0-ddf95f60b2ec}</UniqueIdentifier>
    </Filter>
    <Filter Include="ソース ファイル\Scene\GameOver">
      <UniqueIdentifier>{bbb48b27-b053-47dc-b257-f78c7b2ef1f3}</UniqueIdentifier>
    </Filter>
    <Filter Include="ソース ファイル\Object\Planet">
      <UniqueIdentifier>{a2e1dd4e-87b6-44bb-9c25-9ab4d4f1fea4}</UniqueIdentifier>
    </Filter>
    <Filter Include="ソース ファイル\Object\Ring">
      <UniqueIdentifier>{5607c490-36ee-4af3-a33f-a4fcd6e8f6df}</UniqueIdentifier>
    </Filter>
    <Filter Include="ソース ファイル\Manager\RingManager">
      <UniqueIdentifier>{79ed533a-96c1-48ba-bd39-36b8698ba8c3}</UniqueIdentifier>
    </Filter>
    <Filter Include="ソース ファイル\Manager\ScoreManager">
      <UniqueIdentifier>{e19dca97-7da8-4811-9d20-8c0375e09520}</UniqueIdentifier>
    </Filter>
    <Filter Include="ソース ファイル\Object\Model">
      <UniqueIdentifier>{4fa0dd56-3d79-4d14-ba7c-241210248f75}</UniqueIdentifier>
    </Filter>
    <Filter Include="ソース ファイル\Game">
      <UniqueIdentifier>{b36b65e8-720b-40d5-a5b4-455dd1766336}</UniqueIdentifier>
    </Filter>
    <Filter Include="ソース ファイル\Effect\Particle">
      <UniqueIdentifier>{067c949f-959d-4bd0-b0f8-51dc07c062d9}</UniqueIdentifier>
    </Filter>
    <Filter Include="ソース ファイル\AudioSystem">
      <UniqueIdentifier>{15f219be-b7c9-446c-bcb7-80aef5232cbf}</UniqueIdentifier>
    </Filter>
    <Filter Include="ソース ファイル\Effect\PostEffect">
      <UniqueIdentifier>{74429fb1-8aad-4603-b500-13e62d3ed95a}</UniqueIdentifier>
    </Filter>
    <Filter Include="ソース ファイル\Effect\Trail">
      <UniqueIdentifier>{b3abbe98-da8c-4cc7-b791-aa6aae2137c8}</UniqueIdentifier>
    </Filter>
    <Filter Include="ソース ファイル\Effect\UVAnim">
      <UniqueIdentifier>{b06ae724-40dc-4356-9170-19c938e3e34b}</UniqueIdentifier>
    </Filter>
  </ItemGroup>
  <ItemGroup>
    <ClCompile Include="Math\Quaternion.cpp">
      <Filter>ソース ファイル\Math</Filter>
    </ClCompile>
    <ClCompile Include="Math\Vector3.cpp">
      <Filter>ソース ファイル\Math</Filter>
    </ClCompile>
    <ClCompile Include="Math\Matrix.cpp">
      <Filter>ソース ファイル\Math</Filter>
    </ClCompile>
    <ClCompile Include="DxSystem.cpp">
      <Filter>ソース ファイル\Lib</Filter>
    </ClCompile>
    <ClCompile Include="DXShader.cpp">
      <Filter>ソース ファイル\Lib</Filter>
    </ClCompile>
    <ClCompile Include="FbxMesh.cpp">
      <Filter>ソース ファイル\Lib</Filter>
    </ClCompile>
    <ClCompile Include="Texture.cpp">
      <Filter>ソース ファイル\Lib</Filter>
    </ClCompile>
    <ClCompile Include="Input\Input.cpp">
      <Filter>ソース ファイル\Lib</Filter>
    </ClCompile>
    <ClCompile Include="Render2D.cpp">
      <Filter>ソース ファイル\Lib</Filter>
    </ClCompile>
    <ClCompile Include="RenderState.cpp">
      <Filter>ソース ファイル\Lib</Filter>
    </ClCompile>
    <ClCompile Include="imgui\imgui_impl_dx11.cpp">
      <Filter>ソース ファイル\imgui</Filter>
    </ClCompile>
    <ClCompile Include="imgui\imgui_impl_win32.cpp">
      <Filter>ソース ファイル\imgui</Filter>
    </ClCompile>
    <ClCompile Include="imgui\imgui.cpp">
      <Filter>ソース ファイル\imgui</Filter>
    </ClCompile>
    <ClCompile Include="imgui\imgui_draw.cpp">
      <Filter>ソース ファイル\imgui</Filter>
    </ClCompile>
    <ClCompile Include="imgui\imgui_demo.cpp">
      <Filter>ソース ファイル\imgui</Filter>
    </ClCompile>
    <ClCompile Include="imgui\imgui_tables.cpp">
      <Filter>ソース ファイル\imgui</Filter>
    </ClCompile>
    <ClCompile Include="imgui\imgui_widgets.cpp">
      <Filter>ソース ファイル\imgui</Filter>
    </ClCompile>
    <ClCompile Include="RenderTarget.cpp">
      <Filter>ソース ファイル\Lib</Filter>
    </ClCompile>
    <ClCompile Include="AudioSystem\SoundManager.cpp">
      <Filter>ソース ファイル\AudioSystem</Filter>
    </ClCompile>
    <ClCompile Include="AudioSystem\SoundSystem.cpp">
      <Filter>ソース ファイル\AudioSystem</Filter>
    </ClCompile>
    <ClCompile Include="Memory\Memory.cpp">
      <Filter>ソース ファイル\Memory</Filter>
    </ClCompile>
    <ClCompile Include="Effect\Particle.cpp">
      <Filter>ソース ファイル\Effect\Particle</Filter>
    </ClCompile>
    <ClCompile Include="Effect\PostEffect.cpp">
      <Filter>ソース ファイル\Effect\PostEffect</Filter>
    </ClCompile>
    <ClCompile Include="Effect\Trail.cpp">
      <Filter>ソース ファイル\Effect\Trail</Filter>
    </ClCompile>
    <ClCompile Include="Effect\UVAnim.cpp">
      <Filter>ソース ファイル\Effect\UVAnim</Filter>
    </ClCompile>
    <ClCompile Include="Easing\Easing.cpp">
      <Filter>ソース ファイル\Easing</Filter>
    </ClCompile>
    <ClCompile Include="Camera\Camera.cpp">
      <Filter>ソース ファイル\Camera</Filter>
    </ClCompile>
    <ClCompile Include="Game\WinMain.cpp">
      <Filter>ソース ファイル\Game</Filter>
    </ClCompile>
    <ClCompile Include="Game\Game.cpp">
      <Filter>ソース ファイル\Game</Filter>
    </ClCompile>
    <ClCompile Include="Manager\MeteorManager.cpp">
      <Filter>ソース ファイル\Manager\MeteorManager</Filter>
    </ClCompile>
    <ClCompile Include="Manager\RingManager.cpp">
      <Filter>ソース ファイル\Manager\RingManager</Filter>
    </ClCompile>
    <ClCompile Include="Manager\SceneManager.cpp">
      <Filter>ソース ファイル\Manager\Scene</Filter>
    </ClCompile>
    <ClCompile Include="Manager\ScoreManager.cpp">
      <Filter>ソース ファイル\Manager\ScoreManager</Filter>
    </ClCompile>
    <ClCompile Include="Manager\StageManager.cpp">
      <Filter>ソース ファイル\Manager\Stage</Filter>
    </ClCompile>
    <ClCompile Include="Manager\UIManager.cpp">
      <Filter>ソース ファイル\Manager\UIManager</Filter>
    </ClCompile>
    <ClCompile Include="UI\2DUI.cpp">
      <Filter>ソース ファイル\UI</Filter>
    </ClCompile>
    <ClCompile Include="UI\UI.cpp">
      <Filter>ソース ファイル\UI</Filter>
    </ClCompile>
    <ClCompile Include="Scene\GameOverScene.cpp">
      <Filter>ソース ファイル\Scene\GameOver</Filter>
    </ClCompile>
    <ClCompile Include="Scene\GameOver.cpp">
      <Filter>ソース ファイル\Scene\GameOver</Filter>
    </ClCompile>
    <ClCompile Include="Scene\GameScene.cpp">
      <Filter>ソース ファイル\Scene\GameScene</Filter>
    </ClCompile>
    <ClCompile Include="Scene\InGame.cpp">
      <Filter>ソース ファイル\Scene\InGame</Filter>
    </ClCompile>
    <ClCompile Include="Scene\Loading.cpp">
      <Filter>ソース ファイル\Scene\Loading</Filter>
    </ClCompile>
    <ClCompile Include="Scene\Result.cpp">
      <Filter>ソース ファイル\Scene\Result</Filter>
    </ClCompile>
    <ClCompile Include="Scene\ResultScene.cpp">
      <Filter>ソース ファイル\Scene\Result</Filter>
    </ClCompile>
    <ClCompile Include="Scene\TitleScene.cpp">
      <Filter>ソース ファイル\Scene\Title</Filter>
    </ClCompile>
    <ClCompile Include="Scene\Title.cpp">
      <Filter>ソース ファイル\Scene\Title</Filter>
    </ClCompile>
    <ClCompile Include="Object\Character.cpp">
      <Filter>ソース ファイル\Object\Character</Filter>
    </ClCompile>
    <ClCompile Include="Object\Enemy.cpp">
      <Filter>ソース ファイル\Object\Enemy</Filter>
    </ClCompile>
    <ClCompile Include="Object\EnemyManager.cpp">
      <Filter>ソース ファイル\Object\Enemy</Filter>
    </ClCompile>
    <ClCompile Include="Object\Meteor.cpp">
      <Filter>ソース ファイル\Object\Meteor</Filter>
    </ClCompile>
    <ClCompile Include="Object\Model.cpp">
      <Filter>ソース ファイル\Object\Model</Filter>
    </ClCompile>
    <ClCompile Include="Object\Object.cpp">
      <Filter>ソース ファイル\Object\Obj</Filter>
    </ClCompile>
    <ClCompile Include="Object\Planet.cpp">
      <Filter>ソース ファイル\Object\Planet</Filter>
    </ClCompile>
    <ClCompile Include="Object\Player.cpp">
      <Filter>ソース ファイル\Object\Player</Filter>
    </ClCompile>
    <ClCompile Include="Object\Ring.cpp">
      <Filter>ソース ファイル\Object\Ring</Filter>
    </ClCompile>
    <ClCompile Include="Object\TitlePlayer.cpp">
      <Filter>ソース ファイル\Object\TitlePlayer</Filter>
    </ClCompile>
  </ItemGroup>
  <ItemGroup>
    <ClInclude Include="Math\Matrix.h">
      <Filter>ソース ファイル\Math</Filter>
    </ClInclude>
    <ClInclude Include="Math\Quaternion.h">
      <Filter>ソース ファイル\Math</Filter>
    </ClInclude>
    <ClInclude Include="Math\Vector3.h">
      <Filter>ソース ファイル\Math</Filter>
    </ClInclude>
    <ClInclude Include="Math\math.h">
      <Filter>ソース ファイル\Math</Filter>
    </ClInclude>
    <ClInclude Include="FbxMesh.h">
      <Filter>ソース ファイル\Lib</Filter>
    </ClInclude>
    <ClInclude Include="Input\Input.h">
      <Filter>ソース ファイル\Lib</Filter>
    </ClInclude>
    <ClInclude Include="DXShader.h">
      <Filter>ソース ファイル\Lib</Filter>
    </ClInclude>
    <ClInclude Include="Render2D.h">
      <Filter>ソース ファイル\Lib</Filter>
    </ClInclude>
    <ClInclude Include="imgui\imgui_impl_dx11.h">
      <Filter>ソース ファイル\imgui</Filter>
    </ClInclude>
    <ClInclude Include="imgui\imgui_impl_win32.h">
      <Filter>ソース ファイル\imgui</Filter>
    </ClInclude>
    <ClInclude Include="imgui\imgui.h">
      <Filter>ソース ファイル\imgui</Filter>
    </ClInclude>
    <ClInclude Include="imgui\imconfig.h">
      <Filter>ソース ファイル\imgui</Filter>
    </ClInclude>
    <ClInclude Include="imgui\imgui_internal.h">
      <Filter>ソース ファイル\imgui</Filter>
    </ClInclude>
    <ClInclude Include="imgui\imstb_rectpack.h">
      <Filter>ソース ファイル\imgui</Filter>
    </ClInclude>
    <ClInclude Include="imgui\imstb_textedit.h">
      <Filter>ソース ファイル\imgui</Filter>
    </ClInclude>
    <ClInclude Include="imgui\imstb_truetype.h">
      <Filter>ソース ファイル\imgui</Filter>
    </ClInclude>
    <ClInclude Include="Texture.h">
      <Filter>ソース ファイル\Lib</Filter>
    </ClInclude>
    <ClInclude Include="RenderState.h">
      <Filter>ソース ファイル\Lib</Filter>
    </ClInclude>
    <ClInclude Include="DxSystem.h">
      <Filter>ソース ファイル\Lib</Filter>
    </ClInclude>
    <ClInclude Include="global.h">
      <Filter>ヘッダー ファイル</Filter>
    </ClInclude>
    <ClInclude Include="singleton.h">
      <Filter>ヘッダー ファイル</Filter>
    </ClInclude>
    <ClInclude Include="RenderTarget.h">
      <Filter>ソース ファイル\Lib</Filter>
    </ClInclude>
    <ClInclude Include="AudioSystem\SoundManager.h">
      <Filter>ソース ファイル\AudioSystem</Filter>
    </ClInclude>
    <ClInclude Include="AudioSystem\SoundSystem.h">
      <Filter>ソース ファイル\AudioSystem</Filter>
    </ClInclude>
    <ClInclude Include="Memory\Memory.h">
      <Filter>ソース ファイル\Memory</Filter>
    </ClInclude>
    <ClInclude Include="Effect\particle.h">
      <Filter>ソース ファイル\Effect\Particle</Filter>
    </ClInclude>
    <ClInclude Include="Effect\PostEffect.h">
      <Filter>ソース ファイル\Effect\PostEffect</Filter>
    </ClInclude>
    <ClInclude Include="Effect\Trail.h">
      <Filter>ソース ファイル\Effect\Trail</Filter>
    </ClInclude>
    <ClInclude Include="Effect\UVAnim.h">
      <Filter>ソース ファイル\Effect\UVAnim</Filter>
    </ClInclude>
    <ClInclude Include="Easing\Easing.h">
      <Filter>ソース ファイル\Easing</Filter>
    </ClInclude>
    <ClInclude Include="Camera\Camera.h">
      <Filter>ソース ファイル\Camera</Filter>
    </ClInclude>
    <ClInclude Include="Game\Game.h">
      <Filter>ソース ファイル\Game</Filter>
    </ClInclude>
    <ClInclude Include="Manager\MeteorManager.h">
      <Filter>ソース ファイル\Manager\MeteorManager</Filter>
    </ClInclude>
    <ClInclude Include="Manager\RingManager.h">
      <Filter>ソース ファイル\Manager\RingManager</Filter>
    </ClInclude>
    <ClInclude Include="Manager\SceneManager.h">
      <Filter>ソース ファイル\Manager\Scene</Filter>
    </ClInclude>
    <ClInclude Include="Manager\ScoreManager.h">
      <Filter>ソース ファイル\Manager\ScoreManager</Filter>
    </ClInclude>
    <ClInclude Include="Manager\StageManager.h">
      <Filter>ソース ファイル\Manager\Stage</Filter>
    </ClInclude>
    <ClInclude Include="Manager\UIManager.h">
      <Filter>ソース ファイル\Manager\UIManager</Filter>
    </ClInclude>
    <ClInclude Include="UI\UI.h">
      <Filter>ソース ファイル\UI</Filter>
    </ClInclude>
    <ClInclude Include="UI\2DUI.h">
      <Filter>ソース ファイル\UI</Filter>
    </ClInclude>
    <ClInclude Include="Scene\GameOverScene.h">
      <Filter>ソース ファイル\Scene\GameOver</Filter>
    </ClInclude>
    <ClInclude Include="Scene\GameOver.h">
      <Filter>ソース ファイル\Scene\GameOver</Filter>
    </ClInclude>
    <ClInclude Include="Scene\GameScene.h">
      <Filter>ソース ファイル\Scene\GameScene</Filter>
    </ClInclude>
    <ClInclude Include="Scene\InGame.h">
      <Filter>ソース ファイル\Scene\InGame</Filter>
    </ClInclude>
    <ClInclude Include="Scene\Loading.h">
      <Filter>ソース ファイル\Scene\Loading</Filter>
    </ClInclude>
    <ClInclude Include="Scene\ResultScene.h">
      <Filter>ソース ファイル\Scene\Result</Filter>
    </ClInclude>
    <ClInclude Include="Scene\Result.h">
      <Filter>ソース ファイル\Scene\Result</Filter>
    </ClInclude>
    <ClInclude Include="Scene\Title.h">
      <Filter>ソース ファイル\Scene\Title</Filter>
    </ClInclude>
    <ClInclude Include="Scene\TitleScene.h">
      <Filter>ソース ファイル\Scene\Title</Filter>
    </ClInclude>
    <ClInclude Include="Object\Character.h">
      <Filter>ソース ファイル\Object\Character</Filter>
    </ClInclude>
    <ClInclude Include="Object\EnemyManager.h">
      <Filter>ソース ファイル\Object\Enemy</Filter>
    </ClInclude>
    <ClInclude Include="Object\Enemy.h">
      <Filter>ソース ファイル\Object\Enemy</Filter>
    </ClInclude>
    <ClInclude Include="Object\Meteor.h">
      <Filter>ソース ファイル\Object\Meteor</Filter>
    </ClInclude>
    <ClInclude Include="Object\Model.h">
      <Filter>ソース ファイル\Object\Model</Filter>
    </ClInclude>
    <ClInclude Include="Object\Object.h">
      <Filter>ソース ファイル\Object\Obj</Filter>
    </ClInclude>
    <ClInclude Include="Object\Planet.h">
      <Filter>ソース ファイル\Object\Planet</Filter>
    </ClInclude>
    <ClInclude Include="Object\Player.h">
      <Filter>ソース ファイル\Object\Player</Filter>
    </ClInclude>
    <ClInclude Include="Object\Ring.h">
      <Filter>ソース ファイル\Object\Ring</Filter>
    </ClInclude>
    <ClInclude Include="Object\TitlePlayer.h">
      <Filter>ソース ファイル\Object\TitlePlayer</Filter>
    </ClInclude>
  </ItemGroup>
  <ItemGroup>
    <None Include="Assets\shader\3D.fx">
      <Filter>Shader</Filter>
    </None>
    <None Include="Assets\shader\Particle.fx">
      <Filter>Shader</Filter>
    </None>
    <None Include="Assets\shader\2D.fx">
      <Filter>Shader</Filter>
    </None>
    <None Include="Assets\shader\posteffect.fx">
      <Filter>Shader</Filter>
    </None>
    <None Include="Assets\shader\Fade.fx">
      <Filter>Shader</Filter>
    </None>
    <None Include="Assets\shader\trail.fx">
      <Filter>Shader</Filter>
    </None>
    <None Include="Assets\shader\shadowmap.fx">
      <Filter>Shader</Filter>
    </None>
    <None Include="Assets\shader\Planet.fx">
      <Filter>Shader</Filter>
    </None>
    <None Include="Assets\shader\outline.fx">
      <Filter>Shader</Filter>
    </None>
  </ItemGroup>
</Project>